# This file is machine-generated by `gh actions-lock`.
# Do not edit by hand; run `gh actions-lock` to update.
# Docs: https://gh.io/actions-lockfile
version: 'v0.0.2'
workflows:
    '.github/workflows/governance.yml': []
    '.github/workflows/hypatia-scan.yml': []
    '.github/workflows/label-triage.yml': []
    '.github/workflows/labels.yml': []
    '.github/workflows/push-email-notify.yml':
        - 'dawidd6/action-send-mail@v3.12.0'
    '.github/workflows/secret-scanner.yml':
        - 'actions/checkout@v7.0.1'
        - 'trufflesecurity/trufflehog@main'
dependencies:
    'actions/checkout@v7.0.1':
        ref: 'v7.0.1'
        commit: 'sha1-3d3c42e5aac5ba805825da76410c181273ba90b1'
        owner_id: 44036562
        repo_id: 197814629
    'dawidd6/action-send-mail@v3.12.0':
        ref: 'v3.12.0'
        commit: 'sha1-0bbdab096651ee93f37ec02383e088183d41ff0b'
        owner_id: 9713907
        repo_id: 222439721
    'trufflesecurity/trufflehog@main':
        ref: 'main'
        commit: 'sha1-1ea7fc1960b818e3c3ac3984f85922e3acba4061'
        owner_id: 79229934
        repo_id: 77726177
